{
  "name": "v11-boilerplate",
  "version": "1.0.0",
  "lockfileVersion": 1,
  "requires": true,
  "dependencies": {
    "v11": {
      "version": "0.0.9",
      "resolved": "https://registry.npmjs.org/v11/-/v11-0.0.9.tgz",
      "integrity": "sha512-TrO0/sXRY8par8a5v1cipnOeEumWQtpNTuN9Cm9aH1EagA0J/jaVkAoHSYyX4MKqVzlV6Ya+nSotC49OyF9F1w=="
    }
  }
}
